
Microsoft Visual Studio Solution File, Format Version 12.00
# Visual Studio 15
VisualStudioVersion = 15.0.27130.2024
MinimumVisualStudioVersion = 10.0.40219.1
Project("{8BC9CEB8-8B4A-11D0-8D11-00A0C91BC942}") = "jemalloc", "third_party\jemalloc\jemalloc.vcxproj", "{973D2280-3294-4FF8-B9A0-07EBC7406D21}"
EndProject
Project("{2150E333-8FDC-42A3-9474-1A3956D46DE8}") = "application", "application", "{8730B2AF-3CD8-48B7-8707-20162D7C6FF1}"
EndProject
Project("{2150E333-8FDC-42A3-9474-1A3956D46DE8}") = "common", "common", "{91A79EDF-FB42-48C6-9E1D-7F9A97025913}"
EndProject
Project("{2150E333-8FDC-42A3-9474-1A3956D46DE8}") = "third_party", "third_party", "{DDECAD1B-C605-4EA2-9B15-8B2360686FF7}"
EndProject
Project("{8BC9CEB8-8B4A-11D0-8D11-00A0C91BC942}") = "Duktape", "third_party\Duktape\Duktape.vcxproj", "{72B15788-4127-4F83-89EF-6FAA84FE0722}"
EndProject
Project("{8BC9CEB8-8B4A-11D0-8D11-00A0C91BC942}") = "Lua", "third_party\Lua\Lua.vcxproj", "{A6A3BABA-1C14-42C9-A389-EA644A9FF7E0}"
EndProject
Project("{8BC9CEB8-8B4A-11D0-8D11-00A0C91BC942}") = "wolfssl", "third_party\wolfssl\wolfssl.vcxproj", "{495C9D93-26F2-43E3-8DC4-9AE2BB646DD5}"
EndProject
Project("{8BC9CEB8-8B4A-11D0-8D11-00A0C91BC942}") = "libcurl", "third_party\libcurl\libcurl.vcxproj", "{A0E351C3-1C05-431A-B7B4-4B6B66A210B6}"
EndProject
Project("{8BC9CEB8-8B4A-11D0-8D11-00A0C91BC942}") = "cares", "third_party\cares\cares.vcxproj", "{EF29177D-1309-4232-8D93-E93814A88BAA}"
EndProject
Project("{8BC9CEB8-8B4A-11D0-8D11-00A0C91BC942}") = "zlib", "third_party\zlib\zlib.vcxproj", "{E3CF19EF-6082-42CC-8672-9A2A37702B8D}"
EndProject
Project("{8BC9CEB8-8B4A-11D0-8D11-00A0C91BC942}") = "ZTask", "ztask\ZTask.vcxproj", "{58DFF972-C7B0-4D3D-9689-4FD3BB3E95EC}"
	ProjectSection(ProjectDependencies) = postProject
		{3197660F-23C3-4B0A-9D3B-DC3CDBC2D76C} = {3197660F-23C3-4B0A-9D3B-DC3CDBC2D76C}
		{404CDF51-AFFD-4F89-B719-5CF6FA855B97} = {404CDF51-AFFD-4F89-B719-5CF6FA855B97}
		{D1DE2779-AAB3-47F4-87E1-D65FC153D99D} = {D1DE2779-AAB3-47F4-87E1-D65FC153D99D}
		{EF29177D-1309-4232-8D93-E93814A88BAA} = {EF29177D-1309-4232-8D93-E93814A88BAA}
		{973D2280-3294-4FF8-B9A0-07EBC7406D21} = {973D2280-3294-4FF8-B9A0-07EBC7406D21}
		{72B15788-4127-4F83-89EF-6FAA84FE0722} = {72B15788-4127-4F83-89EF-6FAA84FE0722}
		{495C9D93-26F2-43E3-8DC4-9AE2BB646DD5} = {495C9D93-26F2-43E3-8DC4-9AE2BB646DD5}
		{A6A3BABA-1C14-42C9-A389-EA644A9FF7E0} = {A6A3BABA-1C14-42C9-A389-EA644A9FF7E0}
		{A0E351C3-1C05-431A-B7B4-4B6B66A210B6} = {A0E351C3-1C05-431A-B7B4-4B6B66A210B6}
		{E3CF19EF-6082-42CC-8672-9A2A37702B8D} = {E3CF19EF-6082-42CC-8672-9A2A37702B8D}
	EndProjectSection
EndProject
Project("{8BC9CEB8-8B4A-11D0-8D11-00A0C91BC942}") = "zip", "common\zip\zip.vcxproj", "{404CDF51-AFFD-4F89-B719-5CF6FA855B97}"
	ProjectSection(ProjectDependencies) = postProject
		{E3CF19EF-6082-42CC-8672-9A2A37702B8D} = {E3CF19EF-6082-42CC-8672-9A2A37702B8D}
	EndProjectSection
EndProject
Project("{8BC9CEB8-8B4A-11D0-8D11-00A0C91BC942}") = "Test", "application\Test\Test.vcxproj", "{BD93FD51-B393-423B-B97F-ECDB8EE943F3}"
	ProjectSection(ProjectDependencies) = postProject
		{58DFF972-C7B0-4D3D-9689-4FD3BB3E95EC} = {58DFF972-C7B0-4D3D-9689-4FD3BB3E95EC}
	EndProjectSection
EndProject
Project("{8BC9CEB8-8B4A-11D0-8D11-00A0C91BC942}") = "debug", "common\debug\debug.vcxproj", "{D1DE2779-AAB3-47F4-87E1-D65FC153D99D}"
EndProject
Project("{8BC9CEB8-8B4A-11D0-8D11-00A0C91BC942}") = "iconv", "third_party\iconv\iconv.vcxproj", "{3197660F-23C3-4B0A-9D3B-DC3CDBC2D76C}"
EndProject
Global
	GlobalSection(SolutionConfigurationPlatforms) = preSolution
		Debug|x64 = Debug|x64
		Debug|x86 = Debug|x86
		Release|x64 = Release|x64
		Release|x86 = Release|x86
	EndGlobalSection
	GlobalSection(ProjectConfigurationPlatforms) = postSolution
		{973D2280-3294-4FF8-B9A0-07EBC7406D21}.Debug|x64.ActiveCfg = Debug|x64
		{973D2280-3294-4FF8-B9A0-07EBC7406D21}.Debug|x64.Build.0 = Debug|x64
		{973D2280-3294-4FF8-B9A0-07EBC7406D21}.Debug|x86.ActiveCfg = Debug|Win32
		{973D2280-3294-4FF8-B9A0-07EBC7406D21}.Debug|x86.Build.0 = Debug|Win32
		{973D2280-3294-4FF8-B9A0-07EBC7406D21}.Release|x64.ActiveCfg = Release|x64
		{973D2280-3294-4FF8-B9A0-07EBC7406D21}.Release|x64.Build.0 = Release|x64
		{973D2280-3294-4FF8-B9A0-07EBC7406D21}.Release|x86.ActiveCfg = Release|Win32
		{973D2280-3294-4FF8-B9A0-07EBC7406D21}.Release|x86.Build.0 = Release|Win32
		{72B15788-4127-4F83-89EF-6FAA84FE0722}.Debug|x64.ActiveCfg = Debug|x64
		{72B15788-4127-4F83-89EF-6FAA84FE0722}.Debug|x64.Build.0 = Debug|x64
		{72B15788-4127-4F83-89EF-6FAA84FE0722}.Debug|x86.ActiveCfg = Debug|Win32
		{72B15788-4127-4F83-89EF-6FAA84FE0722}.Debug|x86.Build.0 = Debug|Win32
		{72B15788-4127-4F83-89EF-6FAA84FE0722}.Release|x64.ActiveCfg = Release|x64
		{72B15788-4127-4F83-89EF-6FAA84FE0722}.Release|x64.Build.0 = Release|x64
		{72B15788-4127-4F83-89EF-6FAA84FE0722}.Release|x86.ActiveCfg = Release|Win32
		{72B15788-4127-4F83-89EF-6FAA84FE0722}.Release|x86.Build.0 = Release|Win32
		{A6A3BABA-1C14-42C9-A389-EA644A9FF7E0}.Debug|x64.ActiveCfg = Debug|x64
		{A6A3BABA-1C14-42C9-A389-EA644A9FF7E0}.Debug|x64.Build.0 = Debug|x64
		{A6A3BABA-1C14-42C9-A389-EA644A9FF7E0}.Debug|x86.ActiveCfg = Debug|Win32
		{A6A3BABA-1C14-42C9-A389-EA644A9FF7E0}.Debug|x86.Build.0 = Debug|Win32
		{A6A3BABA-1C14-42C9-A389-EA644A9FF7E0}.Release|x64.ActiveCfg = Release|x64
		{A6A3BABA-1C14-42C9-A389-EA644A9FF7E0}.Release|x64.Build.0 = Release|x64
		{A6A3BABA-1C14-42C9-A389-EA644A9FF7E0}.Release|x86.ActiveCfg = Release|Win32
		{A6A3BABA-1C14-42C9-A389-EA644A9FF7E0}.Release|x86.Build.0 = Release|Win32
		{495C9D93-26F2-43E3-8DC4-9AE2BB646DD5}.Debug|x64.ActiveCfg = Debug|x64
		{495C9D93-26F2-43E3-8DC4-9AE2BB646DD5}.Debug|x64.Build.0 = Debug|x64
		{495C9D93-26F2-43E3-8DC4-9AE2BB646DD5}.Debug|x86.ActiveCfg = Debug|Win32
		{495C9D93-26F2-43E3-8DC4-9AE2BB646DD5}.Debug|x86.Build.0 = Debug|Win32
		{495C9D93-26F2-43E3-8DC4-9AE2BB646DD5}.Release|x64.ActiveCfg = Release|x64
		{495C9D93-26F2-43E3-8DC4-9AE2BB646DD5}.Release|x64.Build.0 = Release|x64
		{495C9D93-26F2-43E3-8DC4-9AE2BB646DD5}.Release|x86.ActiveCfg = Release|Win32
		{495C9D93-26F2-43E3-8DC4-9AE2BB646DD5}.Release|x86.Build.0 = Release|Win32
		{A0E351C3-1C05-431A-B7B4-4B6B66A210B6}.Debug|x64.ActiveCfg = Debug|x64
		{A0E351C3-1C05-431A-B7B4-4B6B66A210B6}.Debug|x64.Build.0 = Debug|x64
		{A0E351C3-1C05-431A-B7B4-4B6B66A210B6}.Debug|x86.ActiveCfg = Debug|Win32
		{A0E351C3-1C05-431A-B7B4-4B6B66A210B6}.Debug|x86.Build.0 = Debug|Win32
		{A0E351C3-1C05-431A-B7B4-4B6B66A210B6}.Release|x64.ActiveCfg = Release|x64
		{A0E351C3-1C05-431A-B7B4-4B6B66A210B6}.Release|x64.Build.0 = Release|x64
		{A0E351C3-1C05-431A-B7B4-4B6B66A210B6}.Release|x86.ActiveCfg = Release|Win32
		{A0E351C3-1C05-431A-B7B4-4B6B66A210B6}.Release|x86.Build.0 = Release|Win32
		{EF29177D-1309-4232-8D93-E93814A88BAA}.Debug|x64.ActiveCfg = Debug|x64
		{EF29177D-1309-4232-8D93-E93814A88BAA}.Debug|x64.Build.0 = Debug|x64
		{EF29177D-1309-4232-8D93-E93814A88BAA}.Debug|x86.ActiveCfg = Debug|Win32
		{EF29177D-1309-4232-8D93-E93814A88BAA}.Debug|x86.Build.0 = Debug|Win32
		{EF29177D-1309-4232-8D93-E93814A88BAA}.Release|x64.ActiveCfg = Release|x64
		{EF29177D-1309-4232-8D93-E93814A88BAA}.Release|x64.Build.0 = Release|x64
		{EF29177D-1309-4232-8D93-E93814A88BAA}.Release|x86.ActiveCfg = Release|Win32
		{EF29177D-1309-4232-8D93-E93814A88BAA}.Release|x86.Build.0 = Release|Win32
		{E3CF19EF-6082-42CC-8672-9A2A37702B8D}.Debug|x64.ActiveCfg = Debug|x64
		{E3CF19EF-6082-42CC-8672-9A2A37702B8D}.Debug|x64.Build.0 = Debug|x64
		{E3CF19EF-6082-42CC-8672-9A2A37702B8D}.Debug|x86.ActiveCfg = Debug|Win32
		{E3CF19EF-6082-42CC-8672-9A2A37702B8D}.Debug|x86.Build.0 = Debug|Win32
		{E3CF19EF-6082-42CC-8672-9A2A37702B8D}.Release|x64.ActiveCfg = Release|x64
		{E3CF19EF-6082-42CC-8672-9A2A37702B8D}.Release|x64.Build.0 = Release|x64
		{E3CF19EF-6082-42CC-8672-9A2A37702B8D}.Release|x86.ActiveCfg = Release|Win32
		{E3CF19EF-6082-42CC-8672-9A2A37702B8D}.Release|x86.Build.0 = Release|Win32
		{58DFF972-C7B0-4D3D-9689-4FD3BB3E95EC}.Debug|x64.ActiveCfg = Debug|x64
		{58DFF972-C7B0-4D3D-9689-4FD3BB3E95EC}.Debug|x64.Build.0 = Debug|x64
		{58DFF972-C7B0-4D3D-9689-4FD3BB3E95EC}.Debug|x86.ActiveCfg = Debug|Win32
		{58DFF972-C7B0-4D3D-9689-4FD3BB3E95EC}.Debug|x86.Build.0 = Debug|Win32
		{58DFF972-C7B0-4D3D-9689-4FD3BB3E95EC}.Release|x64.ActiveCfg = Release|x64
		{58DFF972-C7B0-4D3D-9689-4FD3BB3E95EC}.Release|x64.Build.0 = Release|x64
		{58DFF972-C7B0-4D3D-9689-4FD3BB3E95EC}.Release|x86.ActiveCfg = Release|Win32
		{58DFF972-C7B0-4D3D-9689-4FD3BB3E95EC}.Release|x86.Build.0 = Release|Win32
		{404CDF51-AFFD-4F89-B719-5CF6FA855B97}.Debug|x64.ActiveCfg = Debug|x64
		{404CDF51-AFFD-4F89-B719-5CF6FA855B97}.Debug|x64.Build.0 = Debug|x64
		{404CDF51-AFFD-4F89-B719-5CF6FA855B97}.Debug|x86.ActiveCfg = Debug|Win32
		{404CDF51-AFFD-4F89-B719-5CF6FA855B97}.Debug|x86.Build.0 = Debug|Win32
		{404CDF51-AFFD-4F89-B719-5CF6FA855B97}.Release|x64.ActiveCfg = Release|x64
		{404CDF51-AFFD-4F89-B719-5CF6FA855B97}.Release|x64.Build.0 = Release|x64
		{404CDF51-AFFD-4F89-B719-5CF6FA855B97}.Release|x86.ActiveCfg = Release|Win32
		{404CDF51-AFFD-4F89-B719-5CF6FA855B97}.Release|x86.Build.0 = Release|Win32
		{BD93FD51-B393-423B-B97F-ECDB8EE943F3}.Debug|x64.ActiveCfg = Debug|x64
		{BD93FD51-B393-423B-B97F-ECDB8EE943F3}.Debug|x64.Build.0 = Debug|x64
		{BD93FD51-B393-423B-B97F-ECDB8EE943F3}.Debug|x86.ActiveCfg = Debug|Win32
		{BD93FD51-B393-423B-B97F-ECDB8EE943F3}.Debug|x86.Build.0 = Debug|Win32
		{BD93FD51-B393-423B-B97F-ECDB8EE943F3}.Release|x64.ActiveCfg = Release|x64
		{BD93FD51-B393-423B-B97F-ECDB8EE943F3}.Release|x64.Build.0 = Release|x64
		{BD93FD51-B393-423B-B97F-ECDB8EE943F3}.Release|x86.ActiveCfg = Release|Win32
		{BD93FD51-B393-423B-B97F-ECDB8EE943F3}.Release|x86.Build.0 = Release|Win32
		{D1DE2779-AAB3-47F4-87E1-D65FC153D99D}.Debug|x64.ActiveCfg = Debug|x64
		{D1DE2779-AAB3-47F4-87E1-D65FC153D99D}.Debug|x64.Build.0 = Debug|x64
		{D1DE2779-AAB3-47F4-87E1-D65FC153D99D}.Debug|x86.ActiveCfg = Debug|Win32
		{D1DE2779-AAB3-47F4-87E1-D65FC153D99D}.Debug|x86.Build.0 = Debug|Win32
		{D1DE2779-AAB3-47F4-87E1-D65FC153D99D}.Release|x64.ActiveCfg = Release|x64
		{D1DE2779-AAB3-47F4-87E1-D65FC153D99D}.Release|x64.Build.0 = Release|x64
		{D1DE2779-AAB3-47F4-87E1-D65FC153D99D}.Release|x86.ActiveCfg = Release|Win32
		{D1DE2779-AAB3-47F4-87E1-D65FC153D99D}.Release|x86.Build.0 = Release|Win32
		{3197660F-23C3-4B0A-9D3B-DC3CDBC2D76C}.Debug|x64.ActiveCfg = Debug|x64
		{3197660F-23C3-4B0A-9D3B-DC3CDBC2D76C}.Debug|x64.Build.0 = Debug|x64
		{3197660F-23C3-4B0A-9D3B-DC3CDBC2D76C}.Debug|x86.ActiveCfg = Debug|Win32
		{3197660F-23C3-4B0A-9D3B-DC3CDBC2D76C}.Debug|x86.Build.0 = Debug|Win32
		{3197660F-23C3-4B0A-9D3B-DC3CDBC2D76C}.Release|x64.ActiveCfg = Release|x64
		{3197660F-23C3-4B0A-9D3B-DC3CDBC2D76C}.Release|x64.Build.0 = Release|x64
		{3197660F-23C3-4B0A-9D3B-DC3CDBC2D76C}.Release|x86.ActiveCfg = Release|Win32
		{3197660F-23C3-4B0A-9D3B-DC3CDBC2D76C}.Release|x86.Build.0 = Release|Win32
	EndGlobalSection
	GlobalSection(SolutionProperties) = preSolution
		HideSolutionNode = FALSE
	EndGlobalSection
	GlobalSection(NestedProjects) = preSolution
		{973D2280-3294-4FF8-B9A0-07EBC7406D21} = {DDECAD1B-C605-4EA2-9B15-8B2360686FF7}
		{72B15788-4127-4F83-89EF-6FAA84FE0722} = {DDECAD1B-C605-4EA2-9B15-8B2360686FF7}
		{A6A3BABA-1C14-42C9-A389-EA644A9FF7E0} = {DDECAD1B-C605-4EA2-9B15-8B2360686FF7}
		{495C9D93-26F2-43E3-8DC4-9AE2BB646DD5} = {DDECAD1B-C605-4EA2-9B15-8B2360686FF7}
		{A0E351C3-1C05-431A-B7B4-4B6B66A210B6} = {DDECAD1B-C605-4EA2-9B15-8B2360686FF7}
		{EF29177D-1309-4232-8D93-E93814A88BAA} = {DDECAD1B-C605-4EA2-9B15-8B2360686FF7}
		{E3CF19EF-6082-42CC-8672-9A2A37702B8D} = {DDECAD1B-C605-4EA2-9B15-8B2360686FF7}
		{404CDF51-AFFD-4F89-B719-5CF6FA855B97} = {91A79EDF-FB42-48C6-9E1D-7F9A97025913}
		{BD93FD51-B393-423B-B97F-ECDB8EE943F3} = {8730B2AF-3CD8-48B7-8707-20162D7C6FF1}
		{D1DE2779-AAB3-47F4-87E1-D65FC153D99D} = {91A79EDF-FB42-48C6-9E1D-7F9A97025913}
		{3197660F-23C3-4B0A-9D3B-DC3CDBC2D76C} = {DDECAD1B-C605-4EA2-9B15-8B2360686FF7}
	EndGlobalSection
	GlobalSection(ExtensibilityGlobals) = postSolution
		SolutionGuid = {FB0798F2-DA50-40D5-B620-D6C202499DEC}
	EndGlobalSection
EndGlobal
